
Microsoft Visual Studio Solution File, Format Version 12.00
# Visual Studio 15
VisualStudioVersion = 15.0.28307.757
MinimumVisualStudioVersion = 10.0.40219.1
Project("{8BC9CEB8-8B4A-11D0-8D11-00A0C91BC942}") = "ttconn", "ttconn.vcxproj", "{8FD892B4-F80E-4669-9EA4-41A5C27D1212}"
EndProject
Global
	GlobalSection(SolutionConfigurationPlatforms) = preSolution
		Debug|x64 = Debug|x64
		Release|x64 = Release|x64
	EndGlobalSection
	GlobalSection(ProjectConfigurationPlatforms) = postSolution
		{8FD892B4-F80E-4669-9EA4-41A5C27D1212}.Debug|x64.ActiveCfg = Debug|x64
		{8FD892B4-F80E-4669-9EA4-41A5C27D1212}.Debug|x64.Build.0 = Debug|x64
		{8FD892B4-F80E-4669-9EA4-41A5C27D1212}.Release|x64.ActiveCfg = Release|x64
		{8FD892B4-F80E-4669-9EA4-41A5C27D1212}.Release|x64.Build.0 = Release|x64
	EndGlobalSection
	GlobalSection(SolutionProperties) = preSolution
		HideSolutionNode = FALSE
	EndGlobalSection
	GlobalSection(ExtensibilityGlobals) = postSolution
		SolutionGuid = {E6ECA586-FF20-4A52-B9D0-B7E1B1C9E05B}
	EndGlobalSection
EndGlobal
